
Microsoft Visual Studio Solution File, Format Version 12.00
# Visual Studio Version 17
VisualStudioVersion = 17.7.34202.233
MinimumVisualStudioVersion = 10.0.40219.1
Project("{8BC9CEB8-8B4A-11D0-8D11-00A0C91BC942}") = "Interpolacja", "Interpolacja\Interpolacja.vcxproj", "{19A372CC-F0D6-4212-9639-F890FC2788D5}"
EndProject
Global
	GlobalSection(SolutionConfigurationPlatforms) = preSolution
		Debug|x64 = Debug|x64
		Debug|x86 = Debug|x86
		Release|x64 = Release|x64
		Release|x86 = Release|x86
	EndGlobalSection
	GlobalSection(ProjectConfigurationPlatforms) = postSolution
		{19A372CC-F0D6-4212-9639-F890FC2788D5}.Debug|x64.ActiveCfg = Debug|x64
		{19A372CC-F0D6-4212-9639-F890FC2788D5}.Debug|x64.Build.0 = Debug|x64
		{19A372CC-F0D6-4212-9639-F890FC2788D5}.Debug|x86.ActiveCfg = Debug|Win32
		{19A372CC-F0D6-4212-9639-F890FC2788D5}.Debug|x86.Build.0 = Debug|Win32
		{19A372CC-F0D6-4212-9639-F890FC2788D5}.Release|x64.ActiveCfg = Release|x64
		{19A372CC-F0D6-4212-9639-F890FC2788D5}.Release|x64.Build.0 = Release|x64
		{19A372CC-F0D6-4212-9639-F890FC2788D5}.Release|x86.ActiveCfg = Release|Win32
		{19A372CC-F0D6-4212-9639-F890FC2788D5}.Release|x86.Build.0 = Release|Win32
	EndGlobalSection
	GlobalSection(SolutionProperties) = preSolution
		HideSolutionNode = FALSE
	EndGlobalSection
	GlobalSection(ExtensibilityGlobals) = postSolution
		SolutionGuid = {BA6EF342-BC1E-4BC3-8411-EEB06B2D54FB}
	EndGlobalSection
EndGlobal
